
Microsoft Visual Studio Solution File, Format Version 12.00
# Visual Studio Version 17
VisualStudioVersion = 17.2.32516.85
MinimumVisualStudioVersion = 10.0.40219.1
Project("{FAE04EC0-301F-11D3-BF4B-00C04F79EFBC}") = "Project_Travel", "Project_Travel\Project_Travel.csproj", "{9BAF9048-94AC-4C91-B840-77CF3AB075CA}"
EndProject
Global
	GlobalSection(SolutionConfigurationPlatforms) = preSolution
		Debug|Any CPU = Debug|Any CPU
		Release|Any CPU = Release|Any CPU
	EndGlobalSection
	GlobalSection(ProjectConfigurationPlatforms) = postSolution
		{9BAF9048-94AC-4C91-B840-77CF3AB075CA}.Debug|Any CPU.ActiveCfg = Debug|Any CPU
		{9BAF9048-94AC-4C91-B840-77CF3AB075CA}.Debug|Any CPU.Build.0 = Debug|Any CPU
		{9BAF9048-94AC-4C91-B840-77CF3AB075CA}.Release|Any CPU.ActiveCfg = Release|Any CPU
		{9BAF9048-94AC-4C91-B840-77CF3AB075CA}.Release|Any CPU.Build.0 = Release|Any CPU
	EndGlobalSection
	GlobalSection(SolutionProperties) = preSolution
		HideSolutionNode = FALSE
	EndGlobalSection
	GlobalSection(ExtensibilityGlobals) = postSolution
		SolutionGuid = {DA140BDB-C097-4EDF-B261-8D93F38EB85A}
	EndGlobalSection
EndGlobal
